
Microsoft Visual Studio Solution File, Format Version 12.00
# Visual Studio Version 16
VisualStudioVersion = 16.0.31515.178
MinimumVisualStudioVersion = 10.0.40219.1
Project("{9A19103F-16F7-4668-BE54-9A1E7A4F7556}") = "ChatSystem.App", "ChatSystem.App\ChatSystem.App.csproj", "{5E9D4B45-1FE7-4962-8B99-EC9A218ECB05}"
EndProject
Project("{FAE04EC0-301F-11D3-BF4B-00C04F79EFBC}") = "ChatSystem.Infrastructure", "ChatSystem.Infrastructure\ChatSystem.Infrastructure.csproj", "{E1B38CBD-B8AE-499E-BB41-D6B386E272FC}"
EndProject
Global
	GlobalSection(SolutionConfigurationPlatforms) = preSolution
		Debug|Any CPU = Debug|Any CPU
		Release|Any CPU = Release|Any CPU
	EndGlobalSection
	GlobalSection(ProjectConfigurationPlatforms) = postSolution
		{5E9D4B45-1FE7-4962-8B99-EC9A218ECB05}.Debug|Any CPU.ActiveCfg = Debug|Any CPU
		{5E9D4B45-1FE7-4962-8B99-EC9A218ECB05}.Debug|Any CPU.Build.0 = Debug|Any CPU
		{5E9D4B45-1FE7-4962-8B99-EC9A218ECB05}.Release|Any CPU.ActiveCfg = Release|Any CPU
		{5E9D4B45-1FE7-4962-8B99-EC9A218ECB05}.Release|Any CPU.Build.0 = Release|Any CPU
		{E1B38CBD-B8AE-499E-BB41-D6B386E272FC}.Debug|Any CPU.ActiveCfg = Debug|Any CPU
		{E1B38CBD-B8AE-499E-BB41-D6B386E272FC}.Debug|Any CPU.Build.0 = Debug|Any CPU
		{E1B38CBD-B8AE-499E-BB41-D6B386E272FC}.Release|Any CPU.ActiveCfg = Release|Any CPU
		{E1B38CBD-B8AE-499E-BB41-D6B386E272FC}.Release|Any CPU.Build.0 = Release|Any CPU
	EndGlobalSection
	GlobalSection(SolutionProperties) = preSolution
		HideSolutionNode = FALSE
	EndGlobalSection
	GlobalSection(ExtensibilityGlobals) = postSolution
		SolutionGuid = {85B3427C-C63B-458E-9D88-90EC180923F0}
	EndGlobalSection
EndGlobal
